
Microsoft Visual Studio Solution File, Format Version 11.00
# Visual Studio 2010
Project("{FAE04EC0-301F-11D3-BF4B-00C04F79EFBC}") = "JQSQL", "JQSQL\JQSQL.csproj", "{EA05F235-C847-4165-BA9C-F4B735F00876}"
EndProject
Project("{2150E333-8FDC-42A3-9474-1A3956D46DE8}") = "Solution Items", "Solution Items", "{3E84BE2D-655C-4B25-AFD2-84D04C4327D6}"
	ProjectSection(SolutionItems) = preProject
		JQSQL.msbuild = JQSQL.msbuild
	EndProjectSection
EndProject
Project("{FAE04EC0-301F-11D3-BF4B-00C04F79EFBC}") = "JQSQL.Tests", "JQSQL.Tests\JQSQL.Tests.csproj", "{A22175CC-1F7F-40EE-9A2E-DAC26E89E40D}"
EndProject
Global
	GlobalSection(SolutionConfigurationPlatforms) = preSolution
		Debug|Any CPU = Debug|Any CPU
		Debug|Mixed Platforms = Debug|Mixed Platforms
		Debug|x86 = Debug|x86
		Release|Any CPU = Release|Any CPU
		Release|Mixed Platforms = Release|Mixed Platforms
		Release|x86 = Release|x86
	EndGlobalSection
	GlobalSection(ProjectConfigurationPlatforms) = postSolution
		{EA05F235-C847-4165-BA9C-F4B735F00876}.Debug|Any CPU.ActiveCfg = Debug|Any CPU
		{EA05F235-C847-4165-BA9C-F4B735F00876}.Debug|Any CPU.Build.0 = Debug|Any CPU
		{EA05F235-C847-4165-BA9C-F4B735F00876}.Debug|Mixed Platforms.ActiveCfg = Debug|Any CPU
		{EA05F235-C847-4165-BA9C-F4B735F00876}.Debug|Mixed Platforms.Build.0 = Debug|Any CPU
		{EA05F235-C847-4165-BA9C-F4B735F00876}.Debug|x86.ActiveCfg = Debug|Any CPU
		{EA05F235-C847-4165-BA9C-F4B735F00876}.Release|Any CPU.ActiveCfg = Release|Any CPU
		{EA05F235-C847-4165-BA9C-F4B735F00876}.Release|Any CPU.Build.0 = Release|Any CPU
		{EA05F235-C847-4165-BA9C-F4B735F00876}.Release|Mixed Platforms.ActiveCfg = Release|Any CPU
		{EA05F235-C847-4165-BA9C-F4B735F00876}.Release|Mixed Platforms.Build.0 = Release|Any CPU
		{EA05F235-C847-4165-BA9C-F4B735F00876}.Release|x86.ActiveCfg = Release|Any CPU
		{A22175CC-1F7F-40EE-9A2E-DAC26E89E40D}.Debug|Any CPU.ActiveCfg = Debug|Any CPU
		{A22175CC-1F7F-40EE-9A2E-DAC26E89E40D}.Debug|Any CPU.Build.0 = Debug|Any CPU
		{A22175CC-1F7F-40EE-9A2E-DAC26E89E40D}.Debug|Mixed Platforms.ActiveCfg = Debug|Any CPU
		{A22175CC-1F7F-40EE-9A2E-DAC26E89E40D}.Debug|Mixed Platforms.Build.0 = Debug|Any CPU
		{A22175CC-1F7F-40EE-9A2E-DAC26E89E40D}.Debug|x86.ActiveCfg = Debug|Any CPU
		{A22175CC-1F7F-40EE-9A2E-DAC26E89E40D}.Release|Any CPU.ActiveCfg = Release|Any CPU
		{A22175CC-1F7F-40EE-9A2E-DAC26E89E40D}.Release|Any CPU.Build.0 = Release|Any CPU
		{A22175CC-1F7F-40EE-9A2E-DAC26E89E40D}.Release|Mixed Platforms.ActiveCfg = Release|Any CPU
		{A22175CC-1F7F-40EE-9A2E-DAC26E89E40D}.Release|Mixed Platforms.Build.0 = Release|Any CPU
		{A22175CC-1F7F-40EE-9A2E-DAC26E89E40D}.Release|x86.ActiveCfg = Release|Any CPU
	EndGlobalSection
	GlobalSection(SolutionProperties) = preSolution
		HideSolutionNode = FALSE
	EndGlobalSection
EndGlobal
